
Microsoft Visual Studio Solution File, Format Version 12.00
# Visual Studio Version 17
VisualStudioVersion = 17.0.31903.59
MinimumVisualStudioVersion = 10.0.40219.1
Project("{9A19103F-16F7-4668-BE54-9A1E7A4F7556}") = "CollectServer", "CollectServer\CollectServer.csproj", "{BCCAD571-D933-4316-AD7C-7EDED6539146}"
EndProject
Project("{FAE04EC0-301F-11D3-BF4B-00C04F79EFBC}") = "CollectClient", "CollectClient\CollectClient.csproj", "{1FD3EB40-2B24-4F12-BE6A-5BDC032A268C}"
EndProject
Global
	GlobalSection(SolutionConfigurationPlatforms) = preSolution
		Debug|Any CPU = Debug|Any CPU
		Release|Any CPU = Release|Any CPU
	EndGlobalSection
	GlobalSection(ProjectConfigurationPlatforms) = postSolution
		{BCCAD571-D933-4316-AD7C-7EDED6539146}.Debug|Any CPU.ActiveCfg = Debug|Any CPU
		{BCCAD571-D933-4316-AD7C-7EDED6539146}.Debug|Any CPU.Build.0 = Debug|Any CPU
		{BCCAD571-D933-4316-AD7C-7EDED6539146}.Release|Any CPU.ActiveCfg = Release|Any CPU
		{BCCAD571-D933-4316-AD7C-7EDED6539146}.Release|Any CPU.Build.0 = Release|Any CPU
		{1FD3EB40-2B24-4F12-BE6A-5BDC032A268C}.Debug|Any CPU.ActiveCfg = Debug|Any CPU
		{1FD3EB40-2B24-4F12-BE6A-5BDC032A268C}.Debug|Any CPU.Build.0 = Debug|Any CPU
		{1FD3EB40-2B24-4F12-BE6A-5BDC032A268C}.Release|Any CPU.ActiveCfg = Release|Any CPU
		{1FD3EB40-2B24-4F12-BE6A-5BDC032A268C}.Release|Any CPU.Build.0 = Release|Any CPU
	EndGlobalSection
	GlobalSection(SolutionProperties) = preSolution
		HideSolutionNode = FALSE
	EndGlobalSection
	GlobalSection(ExtensibilityGlobals) = postSolution
		SolutionGuid = {A54BC353-FD2D-4F68-85B7-E6434F2E065E}
	EndGlobalSection
EndGlobal
